
Microsoft Visual Studio Solution File, Format Version 12.00
# Visual Studio Version 17
VisualStudioVersion = 17.8.34316.72
MinimumVisualStudioVersion = 10.0.40219.1
Project("{888888A0-9F3D-457C-B088-3A5042F75D52}") = "Exhibition", "Exhibition.pyproj", "{A236341A-29AA-4FDF-83B6-6B76BD62210E}"
EndProject
Global
	GlobalSection(SolutionConfigurationPlatforms) = preSolution
		Debug|Any CPU = Debug|Any CPU
		Release|Any CPU = Release|Any CPU
	EndGlobalSection
	GlobalSection(ProjectConfigurationPlatforms) = postSolution
		{A236341A-29AA-4FDF-83B6-6B76BD62210E}.Debug|Any CPU.ActiveCfg = Debug|Any CPU
		{A236341A-29AA-4FDF-83B6-6B76BD62210E}.Release|Any CPU.ActiveCfg = Release|Any CPU
	EndGlobalSection
	GlobalSection(SolutionProperties) = preSolution
		HideSolutionNode = FALSE
	EndGlobalSection
	GlobalSection(ExtensibilityGlobals) = postSolution
		SolutionGuid = {E6E53B3B-1821-48D7-82ED-2D1888B1897E}
	EndGlobalSection
EndGlobal
